// !$*UTF8*$!
{
	archiveVersion = 1;
	classes = {
	};
	objectVersion = 46;
	objects = {

/* Begin PBXBuildFile section */
		5ADD53331C7DEC970035028F /* AppDelegate.swift in Sources */ = {isa = PBXBuildFile; fileRef = 5ADD53321C7DEC970035028F /* AppDelegate.swift */; };
		5ADD53351C7DEC970035028F /* ViewController.swift in Sources */ = {isa = PBXBuildFile; fileRef = 5ADD53341C7DEC970035028F /* ViewController.swift */; };
		5ADD53381C7DEC970035028F /* Main.storyboard in Resources */ = {isa = PBXBuildFile; fileRef = 5ADD53361C7DEC970035028F /* Main.storyboard */; };
		5ADD533A1C7DEC970035028F /* Assets.xcassets in Resources */ = {isa = PBXBuildFile; fileRef = 5ADD53391C7DEC970035028F /* Assets.xcassets */; };
		5ADD533D1C7DEC970035028F /* LaunchScreen.storyboard in Resources */ = {isa = PBXBuildFile; fileRef = 5ADD533B1C7DEC970035028F /* LaunchScreen.storyboard */; };
		5ADD53481C7DEC970035028F /* AulaGitTests.swift in Sources */ = {isa = PBXBuildFile; fileRef = 5ADD53471C7DEC970035028F /* AulaGitTests.swift */; };
		5ADD53531C7DEC970035028F /* AulaGitUITests.swift in Sources */ = {isa = PBXBuildFile; fileRef = 5ADD53521C7DEC970035028F /* AulaGitUITests.swift */; };
/* End PBXBuildFile section */

/* Begin PBXContainerItemProxy section */
		5ADD53441C7DEC970035028F /* PBXContainerItemProxy */ = {
			isa = PBXContainerItemProxy;
			containerPortal = 5ADD53271C7DEC970035028F /* Project object */;
			proxyType = 1;
			remoteGlobalIDString = 5ADD532E1C7DEC970035028F;
			remoteInfo = AulaGit;
		};
		5ADD534F1C7DEC970035028F /* PBXContainerItemProxy */ = {
			isa = PBXContainerItemProxy;
			containerPortal = 5ADD53271C7DEC970035028F /* Project object */;
			proxyType = 1;
			remoteGlobalIDString = 5ADD532E1C7DEC970035028F;
			remoteInfo = AulaGit;
		};
/* End PBXContainerItemProxy section */

/* Begin PBXFileReference section */
		5ADD532F1C7DEC970035028F /* AulaGit.app */ = {isa = PBXFileReference; explicitFileType = wrapper.application; includeInIndex = 0; path = AulaGit.app; sourceTree = BUILT_PRODUCTS_DIR; };
		5ADD53321C7DEC970035028F /* AppDelegate.swift */ = {isa = PBXFileReference; lastKnownFileType = sourcecode.swift; path = AppDelegate.swift; sourceTree = "<group>"; };
		5ADD53341C7DEC970035028F /* ViewController.swift */ = {isa = PBXFileReference; lastKnownFileType = sourcecode.swift; path = ViewController.swift; sourceTree = "<group>"; };
		5ADD53371C7DEC970035028F /* Base */ = {isa = PBXFileReference; lastKnownFileType = file.storyboard; name = Base; path = Base.lproj/Main.storyboard; sourceTree = "<group>"; };
		5ADD53391C7DEC970035028F /* Assets.xcassets */ = {isa = PBXFileReference; lastKnownFileType = folder.assetcatalog; path = Assets.xcassets; sourceTree = "<group>"; };
		5ADD533C1C7DEC970035028F /* Base */ = {isa = PBXFileReference; lastKnownFileType = file.storyboard; name = Base; path = Base.lproj/LaunchScreen.storyboard; sourceTree = "<group>"; };
		5ADD533E1C7DEC970035028F /* Info.plist */ = {isa = PBXFileReference; lastKnownFileType = text.plist.xml; path = Info.plist; sourceTree = "<group>"; };
		5ADD53431C7DEC970035028F /* AulaGitTests.xctest */ = {isa = PBXFileReference; explicitFileType = wrapper.cfbundle; includeInIndex = 0; path = AulaGitTests.xctest; sourceTree = BUILT_PRODUCTS_DIR; };
		5ADD53471C7DEC970035028F /* AulaGitTests.swift */ = {isa = PBXFileReference; lastKnownFileType = sourcecode.swift; path = AulaGitTests.swift; sourceTree = "<group>"; };
		5ADD53491C7DEC970035028F /* Info.plist */ = {isa = PBXFileReference; lastKnownFileType = text.plist.xml; path = Info.plist; sourceTree = "<group>"; };
		5ADD534E1C7DEC970035028F /* AulaGitUITests.xctest */ = {isa = PBXFileReference; explicitFileType = wrapper.cfbundle; includeInIndex = 0; path = AulaGitUITests.xctest; sourceTree = BUILT_PRODUCTS_DIR; };
		5ADD53521C7DEC970035028F /* AulaGitUITests.swift */ = {isa = PBXFileReference; lastKnownFileType = sourcecode.swift; path = AulaGitUITests.swift; sourceTree = "<group>"; };
		5ADD53541C7DEC970035028F /* Info.plist */ = {isa = PBXFileReference; lastKnownFileType = text.plist.xml; path = Info.plist; sourceTree = "<group>"; };
/* End PBXFileReference section */

/* Begin PBXFrameworksBuildPhase section */
		5ADD532C1C7DEC970035028F /* Frameworks */ = {
			isa = PBXFrameworksBuildPhase;
			buildActionMask = 2147483647;
			files = (
			);
			runOnlyForDeploymentPostprocessing = 0;
		};
		5ADD53401C7DEC970035028F /* Frameworks */ = {
			isa = PBXFrameworksBuildPhase;
			buildActionMask = 2147483647;
			files = (
			);
			runOnlyForDeploymentPostprocessing = 0;
		};
		5ADD534B1C7DEC970035028F /* Frameworks */ = {
			isa = PBXFrameworksBuildPhase;
			buildActionMask = 2147483647;
			files = (
			);
			runOnlyForDeploymentPostprocessing = 0;
		};
/* End PBXFrameworksBuildPhase section */

/* Begin PBXGroup section */
		5ADD53261C7DEC970035028F = {
			isa = PBXGroup;
			children = (
				5ADD53311C7DEC970035028F /* AulaGit */,
				5ADD53461C7DEC970035028F /* AulaGitTests */,
				5ADD53511C7DEC970035028F /* AulaGitUITests */,
				5ADD53301C7DEC970035028F /* Products */,
			);
			sourceTree = "<group>";
		};
		5ADD53301C7DEC970035028F /* Products */ = {
			isa = PBXGroup;
			children = (
				5ADD532F1C7DEC970035028F /* AulaGit.app */,
				5ADD53431C7DEC970035028F /* AulaGitTests.xctest */,
				5ADD534E1C7DEC970035028F /* AulaGitUITests.xctest */,
			);
			name = Products;
			sourceTree = "<group>";
		};
		5ADD53311C7DEC970035028F /* AulaGit */ = {
			isa = PBXGroup;
			children = (
				5ADD53321C7DEC970035028F /* AppDelegate.swift */,
				5ADD53341C7DEC970035028F /* ViewController.swift */,
				5ADD53361C7DEC970035028F /* Main.storyboard */,
				5ADD53391C7DEC970035028F /* Assets.xcassets */,
				5ADD533B1C7DEC970035028F /* LaunchScreen.storyboard */,
				5ADD533E1C7DEC970035028F /* Info.plist */,
			);
			path = AulaGit;
			sourceTree = "<group>";
		};
		5ADD53461C7DEC970035028F /* AulaGitTests */ = {
			isa = PBXGroup;
			children = (
				5ADD53471C7DEC970035028F /* AulaGitTests.swift */,
				5ADD53491C7DEC970035028F /* Info.plist */,
			);
			path = AulaGitTests;
			sourceTree = "<group>";
		};
		5ADD53511C7DEC970035028F /* AulaGitUITests */ = {
			isa = PBXGroup;
			children = (
				5ADD53521C7DEC970035028F /* AulaGitUITests.swift */,
				5ADD53541C7DEC970035028F /* Info.plist */,
			);
			path = AulaGitUITests;
			sourceTree = "<group>";
		};
/* End PBXGroup section */

/* Begin PBXNativeTarget section */
		5ADD532E1C7DEC970035028F /* AulaGit */ = {
			isa = PBXNativeTarget;
			buildConfigurationList = 5ADD53571C7DEC970035028F /* Build configuration list for PBXNativeTarget "AulaGit" */;
			buildPhases = (
				5ADD532B1C7DEC970035028F /* Sources */,
				5ADD532C1C7DEC970035028F /* Frameworks */,
				5ADD532D1C7DEC970035028F /* Resources */,
			);
			buildRules = (
			);
			dependencies = (
			);
			name = AulaGit;
			productName = AulaGit;
			productReference = 5ADD532F1C7DEC970035028F /* AulaGit.app */;
			productType = "com.apple.product-type.application";
		};
		5ADD53421C7DEC970035028F /* AulaGitTests */ = {
			isa = PBXNativeTarget;
			buildConfigurationList = 5ADD535A1C7DEC970035028F /* Build configuration list for PBXNativeTarget "AulaGitTests" */;
			buildPhases = (
				5ADD533F1C7DEC970035028F /* Sources */,
				5ADD53401C7DEC970035028F /* Frameworks */,
				5ADD53411C7DEC970035028F /* Resources */,
			);
			buildRules = (
			);
			dependencies = (
				5ADD53451C7DEC970035028F /* PBXTargetDependency */,
			);
			name = AulaGitTests;
			productName = AulaGitTests;
			productReference = 5ADD53431C7DEC970035028F /* AulaGitTests.xctest */;
			productType = "com.apple.product-type.bundle.unit-test";
		};
		5ADD534D1C7DEC970035028F /* AulaGitUITests */ = {
			isa = PBXNativeTarget;
			buildConfigurationList = 5ADD535D1C7DEC970035028F /* Build configuration list for PBXNativeTarget "AulaGitUITests" */;
			buildPhases = (
				5ADD534A1C7DEC970035028F /* Sources */,
				5ADD534B1C7DEC970035028F /* Frameworks */,
				5ADD534C1C7DEC970035028F /* Resources */,
			);
			buildRules = (
			);
			dependencies = (
				5ADD53501C7DEC970035028F /* PBXTargetDependency */,
			);
			name = AulaGitUITests;
			productName = AulaGitUITests;
			productReference = 5ADD534E1C7DEC970035028F /* AulaGitUITests.xctest */;
			productType = "com.apple.product-type.bundle.ui-testing";
		};
/* End PBXNativeTarget section */

/* Begin PBXProject section */
		5ADD53271C7DEC970035028F /* Project object */ = {
			isa = PBXProject;
			attributes = {
				LastSwiftUpdateCheck = 0720;
				LastUpgradeCheck = 0720;
				ORGANIZATIONNAME = "Douglas Mandarino";
				TargetAttributes = {
					5ADD532E1C7DEC970035028F = {
						CreatedOnToolsVersion = 7.2.1;
						DevelopmentTeam = N3GG8VLR9P;
					};
					5ADD53421C7DEC970035028F = {
						CreatedOnToolsVersion = 7.2.1;
						DevelopmentTeam = N3GG8VLR9P;
						TestTargetID = 5ADD532E1C7DEC970035028F;
					};
					5ADD534D1C7DEC970035028F = {
						CreatedOnToolsVersion = 7.2.1;
						DevelopmentTeam = N3GG8VLR9P;
						TestTargetID = 5ADD532E1C7DEC970035028F;
					};
				};
			};
			buildConfigurationList = 5ADD532A1C7DEC970035028F /* Build configuration list for PBXProject "AulaGit" */;
			compatibilityVersion = "Xcode 3.2";
			developmentRegion = English;
			hasScannedForEncodings = 0;
			knownRegions = (
				en,
				Base,
			);
			mainGroup = 5ADD53261C7DEC970035028F;
			productRefGroup = 5ADD53301C7DEC970035028F /* Products */;
			projectDirPath = "";
			projectRoot = "";
			targets = (
				5ADD532E1C7DEC970035028F /* AulaGit */,
				5ADD53421C7DEC970035028F /* AulaGitTests */,
				5ADD534D1C7DEC970035028F /* AulaGitUITests */,
			);
		};
/* End PBXProject section */

/* Begin PBXResourcesBuildPhase section */
		5ADD532D1C7DEC970035028F /* Resources */ = {
			isa = PBXResourcesBuildPhase;
			buildActionMask = 2147483647;
			files = (
				5ADD533D1C7DEC970035028F /* LaunchScreen.storyboard in Resources */,
				5ADD533A1C7DEC970035028F /* Assets.xcassets in Resources */,
				5ADD53381C7DEC970035028F /* Main.storyboard in Resources */,
			);
			runOnlyForDeploymentPostprocessing = 0;
		};
		5ADD53411C7DEC970035028F /* Resources */ = {
			isa = PBXResourcesBuildPhase;
			buildActionMask = 2147483647;
			files = (
			);
			runOnlyForDeploymentPostprocessing = 0;
		};
		5ADD534C1C7DEC970035028F /* Resources */ = {
			isa = PBXResourcesBuildPhase;
			buildActionMask = 2147483647;
			files = (
			);
			runOnlyForDeploymentPostprocessing = 0;
		};
/* End PBXResourcesBuildPhase section */

/* Begin PBXSourcesBuildPhase section */
		5ADD532B1C7DEC970035028F /* Sources */ = {
			isa = PBXSourcesBuildPhase;
			buildActionMask = 2147483647;
			files = (
				5ADD53351C7DEC970035028F /* ViewController.swift in Sources */,
				5ADD53331C7DEC970035028F /* AppDelegate.swift in Sources */,
			);
			runOnlyForDeploymentPostprocessing = 0;
		};
		5ADD533F1C7DEC970035028F /* Sources */ = {
			isa = PBXSourcesBuildPhase;
			buildActionMask = 2147483647;
			files = (
				5ADD53481C7DEC970035028F /* AulaGitTests.swift in Sources */,
			);
			runOnlyForDeploymentPostprocessing = 0;
		};
		5ADD534A1C7DEC970035028F /* Sources */ = {
			isa = PBXSourcesBuildPhase;
			buildActionMask = 2147483647;
			files = (
				5ADD53531C7DEC970035028F /* AulaGitUITests.swift in Sources */,
			);
			runOnlyForDeploymentPostprocessing = 0;
		};
/* End PBXSourcesBuildPhase section */

/* Begin PBXTargetDependency section */
		5ADD53451C7DEC970035028F /* PBXTargetDependency */ = {
			isa = PBXTargetDependency;
			target = 5ADD532E1C7DEC970035028F /* AulaGit */;
			targetProxy = 5ADD53441C7DEC970035028F /* PBXContainerItemProxy */;
		};
		5ADD53501C7DEC970035028F /* PBXTargetDependency */ = {
			isa = PBXTargetDependency;
			target = 5ADD532E1C7DEC970035028F /* AulaGit */;
			targetProxy = 5ADD534F1C7DEC970035028F /* PBXContainerItemProxy */;
		};
/* End PBXTargetDependency section */

/* Begin PBXVariantGroup section */
		5ADD53361C7DEC970035028F /* Main.storyboard */ = {
			isa = PBXVariantGroup;
			children = (
				5ADD53371C7DEC970035028F /* Base */,
			);
			name = Main.storyboard;
			sourceTree = "<group>";
		};
		5ADD533B1C7DEC970035028F /* LaunchScreen.storyboard */ = {
			isa = PBXVariantGroup;
			children = (
				5ADD533C1C7DEC970035028F /* Base */,
			);
			name = LaunchScreen.storyboard;
			sourceTree = "<group>";
		};
/* End PBXVariantGroup section */

/* Begin XCBuildConfiguration section */
		5ADD53551C7DEC970035028F /* Debug */ = {
			isa = XCBuildConfiguration;
			buildSettings = {
				ALWAYS_SEARCH_USER_PATHS = NO;
				CLANG_CXX_LANGUAGE_STANDARD = "gnu++0x";
				CLANG_CXX_LIBRARY = "libc++";
				CLANG_ENABLE_MODULES = YES;
				CLANG_ENABLE_OBJC_ARC = YES;
				CLANG_WARN_BOOL_CONVERSION = YES;
				CLANG_WARN_CONSTANT_CONVERSION = YES;
				CLANG_WARN_DIRECT_OBJC_ISA_USAGE = YES_ERROR;
				CLANG_WARN_EMPTY_BODY = YES;
				CLANG_WARN_ENUM_CONVERSION = YES;
				CLANG_WARN_INT_CONVERSION = YES;
				CLANG_WARN_OBJC_ROOT_CLASS = YES_ERROR;
				CLANG_WARN_UNREACHABLE_CODE = YES;
				CLANG_WARN__DUPLICATE_METHOD_MATCH = YES;
				"CODE_SIGN_IDENTITY[sdk=iphoneos*]" = "iPhone Developer";
				COPY_PHASE_STRIP = NO;
				DEBUG_INFORMATION_FORMAT = dwarf;
				ENABLE_STRICT_OBJC_MSGSEND = YES;
				ENABLE_TESTABILITY = YES;
				GCC_C_LANGUAGE_STANDARD = gnu99;
				GCC_DYNAMIC_NO_PIC = NO;
				GCC_NO_COMMON_BLOCKS = YES;
				GCC_OPTIMIZATION_LEVEL = 0;
				GCC_PREPROCESSOR_DEFINITIONS = (
					"DEBUG=1",
					"$(inherited)",
				);
				GCC_WARN_64_TO_32_BIT_CONVERSION = YES;
				GCC_WARN_ABOUT_RETURN_TYPE = YES_ERROR;
				GCC_WARN_UNDECLARED_SELECTOR = YES;
				GCC_WARN_UNINITIALIZED_AUTOS = YES_AGGRESSIVE;
				GCC_WARN_UNUSED_FUNCTION = YES;
				GCC_WARN_UNUSED_VARIABLE = YES;
				IPHONEOS_DEPLOYMENT_TARGET = 9.2;
				MTL_ENABLE_DEBUG_INFO = YES;
				ONLY_ACTIVE_ARCH = YES;
				SDKROOT = iphoneos;
				SWIFT_OPTIMIZATION_LEVEL = "-Onone";
				TARGETED_DEVICE_FAMILY = "1,2";
			};
			name = Debug;
		};
		5ADD53561C7DEC970035028F /* Release */ = {
			isa = XCBuildConfiguration;
			buildSettings = {
				ALWAYS_SEARCH_USER_PATHS = NO;
				CLANG_CXX_LANGUAGE_STANDARD = "gnu++0x";
				CLANG_CXX_LIBRARY = "libc++";
				CLANG_ENABLE_MODULES = YES;
				CLANG_ENABLE_OBJC_ARC = YES;
				CLANG_WARN_BOOL_CONVERSION = YES;
				CLANG_WARN_CONSTANT_CONVERSION = YES;
				CLANG_WARN_DIRECT_OBJC_ISA_USAGE = YES_ERROR;
				CLANG_WARN_EMPTY_BODY = YES;
				CLANG_WARN_ENUM_CONVERSION = YES;
				CLANG_WARN_INT_CONVERSION = YES;
				CLANG_WARN_OBJC_ROOT_CLASS = YES_ERROR;
				CLANG_WARN_UNREACHABLE_CODE = YES;
				CLANG_WARN__DUPLICATE_METHOD_MATCH = YES;
				"CODE_SIGN_IDENTITY[sdk=iphoneos*]" = "iPhone Developer";
				COPY_PHASE_STRIP = NO;
				DEBUG_INFORMATION_FORMAT = "dwarf-with-dsym";
				ENABLE_NS_ASSERTIONS = NO;
				ENABLE_STRICT_OBJC_MSGSEND = YES;
				GCC_C_LANGUAGE_STANDARD = gnu99;
				GCC_NO_COMMON_BLOCKS = YES;
				GCC_WARN_64_TO_32_BIT_CONVERSION = YES;
				GCC_WARN_ABOUT_RETURN_TYPE = YES_ERROR;
				GCC_WARN_UNDECLARED_SELECTOR = YES;
				GCC_WARN_UNINITIALIZED_AUTOS = YES_AGGRESSIVE;
				GCC_WARN_UNUSED_FUNCTION = YES;
				GCC_WARN_UNUSED_VARIABLE = YES;
				IPHONEOS_DEPLOYMENT_TARGET = 9.2;
				MTL_ENABLE_DEBUG_INFO = NO;
				SDKROOT = iphoneos;
				TARGETED_DEVICE_FAMILY = "1,2";
				VALIDATE_PRODUCT = YES;
			};
			name = Release;
		};
		5ADD53581C7DEC970035028F /* Debug */ = {
			isa = XCBuildConfiguration;
			buildSettings = {
				ASSETCATALOG_COMPILER_APPICON_NAME = AppIcon;
				INFOPLIST_FILE = AulaGit/Info.plist;
				LD_RUNPATH_SEARCH_PATHS = "$(inherited) @executable_path/Frameworks";
				PRODUCT_BUNDLE_IDENTIFIER = dmt.AulaGit;
				PRODUCT_NAME = "$(TARGET_NAME)";
			};
			name = Debug;
		};
		5ADD53591C7DEC970035028F /* Release */ = {
			isa = XCBuildConfiguration;
			buildSettings = {
				ASSETCATALOG_COMPILER_APPICON_NAME = AppIcon;
				INFOPLIST_FILE = AulaGit/Info.plist;
				LD_RUNPATH_SEARCH_PATHS = "$(inherited) @executable_path/Frameworks";
				PRODUCT_BUNDLE_IDENTIFIER = dmt.AulaGit;
				PRODUCT_NAME = "$(TARGET_NAME)";
			};
			name = Release;
		};
		5ADD535B1C7DEC970035028F /* Debug */ = {
			isa = XCBuildConfiguration;
			buildSettings = {
				BUNDLE_LOADER = "$(TEST_HOST)";
				INFOPLIST_FILE = AulaGitTests/Info.plist;
				LD_RUNPATH_SEARCH_PATHS = "$(inherited) @executable_path/Frameworks @loader_path/Frameworks";
				PRODUCT_BUNDLE_IDENTIFIER = dmt.AulaGitTests;
				PRODUCT_NAME = "$(TARGET_NAME)";
				TEST_HOST = "$(BUILT_PRODUCTS_DIR)/AulaGit.app/AulaGit";
			};
			name = Debug;
		};
		5ADD535C1C7DEC970035028F /* Release */ = {
			isa = XCBuildConfiguration;
			buildSettings = {
				BUNDLE_LOADER = "$(TEST_HOST)";
				INFOPLIST_FILE = AulaGitTests/Info.plist;
				LD_RUNPATH_SEARCH_PATHS = "$(inherited) @executable_path/Frameworks @loader_path/Frameworks";
				PRODUCT_BUNDLE_IDENTIFIER = dmt.AulaGitTests;
				PRODUCT_NAME = "$(TARGET_NAME)";
				TEST_HOST = "$(BUILT_PRODUCTS_DIR)/AulaGit.app/AulaGit";
			};
			name = Release;
		};
		5ADD535E1C7DEC970035028F /* Debug */ = {
			isa = XCBuildConfiguration;
			buildSettings = {
				INFOPLIST_FILE = AulaGitUITests/Info.plist;
				LD_RUNPATH_SEARCH_PATHS = "$(inherited) @executable_path/Frameworks @loader_path/Frameworks";
				PRODUCT_BUNDLE_IDENTIFIER = dmt.AulaGitUITests;
				PRODUCT_NAME = "$(TARGET_NAME)";
				TEST_TARGET_NAME = AulaGit;
				USES_XCTRUNNER = YES;
			};
			name = Debug;
		};
		5ADD535F1C7DEC970035028F /* Release */ = {
			isa = XCBuildConfiguration;
			buildSettings = {
				INFOPLIST_FILE = AulaGitUITests/Info.plist;
				LD_RUNPATH_SEARCH_PATHS = "$(inherited) @executable_path/Frameworks @loader_path/Frameworks";
				PRODUCT_BUNDLE_IDENTIFIER = dmt.AulaGitUITests;
				PRODUCT_NAME = "$(TARGET_NAME)";
				TEST_TARGET_NAME = AulaGit;
				USES_XCTRUNNER = YES;
			};
			name = Release;
		};
/* End XCBuildConfiguration section */

/* Begin XCConfigurationList section */
		5ADD532A1C7DEC970035028F /* Build configuration list for PBXProject "AulaGit" */ = {
			isa = XCConfigurationList;
			buildConfigurations = (
				5ADD53551C7DEC970035028F /* Debug */,
				5ADD53561C7DEC970035028F /* Release */,
			);
			defaultConfigurationIsVisible = 0;
			defaultConfigurationName = Release;
		};
		5ADD53571C7DEC970035028F /* Build configuration list for PBXNativeTarget "AulaGit" */ = {
			isa = XCConfigurationList;
			buildConfigurations = (
				5ADD53581C7DEC970035028F /* Debug */,
				5ADD53591C7DEC970035028F /* Release */,
			);
			defaultConfigurationIsVisible = 0;
		};
		5ADD535A1C7DEC970035028F /* Build configuration list for PBXNativeTarget "AulaGitTests" */ = {
			isa = XCConfigurationList;
			buildConfigurations = (
				5ADD535B1C7DEC970035028F /* Debug */,
				5ADD535C1C7DEC970035028F /* Release */,
			);
			defaultConfigurationIsVisible = 0;
		};
		5ADD535D1C7DEC970035028F /* Build configuration list for PBXNativeTarget "AulaGitUITests" */ = {
			isa = XCConfigurationList;
			buildConfigurations = (
				5ADD535E1C7DEC970035028F /* Debug */,
				5ADD535F1C7DEC970035028F /* Release */,
			);
			defaultConfigurationIsVisible = 0;
		};
/* End XCConfigurationList section */
	};
	rootObject = 5ADD53271C7DEC970035028F /* Project object */;
}
